
Microsoft Visual Studio Solution File, Format Version 12.00
# Visual Studio Version 16
VisualStudioVersion = 16.0.31515.178
MinimumVisualStudioVersion = 10.0.40219.1
Project("{FAE04EC0-301F-11D3-BF4B-00C04F79EFBC}") = "LeapYear", "LeapYear\LeapYear.csproj", "{AE1B08E9-06FA-4472-8B32-F598363B92CF}"
EndProject
Global
	GlobalSection(SolutionConfigurationPlatforms) = preSolution
		Debug|Any CPU = Debug|Any CPU
		Release|Any CPU = Release|Any CPU
	EndGlobalSection
	GlobalSection(ProjectConfigurationPlatforms) = postSolution
		{AE1B08E9-06FA-4472-8B32-F598363B92CF}.Debug|Any CPU.ActiveCfg = Debug|Any CPU
		{AE1B08E9-06FA-4472-8B32-F598363B92CF}.Debug|Any CPU.Build.0 = Debug|Any CPU
		{AE1B08E9-06FA-4472-8B32-F598363B92CF}.Release|Any CPU.ActiveCfg = Release|Any CPU
		{AE1B08E9-06FA-4472-8B32-F598363B92CF}.Release|Any CPU.Build.0 = Release|Any CPU
	EndGlobalSection
	GlobalSection(SolutionProperties) = preSolution
		HideSolutionNode = FALSE
	EndGlobalSection
	GlobalSection(ExtensibilityGlobals) = postSolution
		SolutionGuid = {1E5B5290-7712-4BB4-82E5-769272D74872}
	EndGlobalSection
EndGlobal
